Microsoft Visual Studio Solution File, Format Version 11.00
# Visual Studio 2008

Project("{7EB12F8B-D6C0-05CA-8DB2-EE914529191E}") = "EITS", "Assembly-CSharp.csproj", "{2544F6F1-2121-DD82-8C1E-4FA01DEB3F90}"
EndProject
Global
	GlobalSection(SolutionConfigurationPlatforms) = preSolution
		Debug|Any CPU = Debug|Any CPU
		Release|Any CPU = Release|Any CPU
	EndGlobalSection
	GlobalSection(ProjectConfigurationPlatforms) = postSolution
		{2544F6F1-2121-DD82-8C1E-4FA01DEB3F90}.Debug|Any CPU.ActiveCfg = Debug|Any CPU
		{2544F6F1-2121-DD82-8C1E-4FA01DEB3F90}.Debug|Any CPU.Build.0 = Debug|Any CPU
		{2544F6F1-2121-DD82-8C1E-4FA01DEB3F90}.Release|Any CPU.ActiveCfg = Release|Any CPU
		{2544F6F1-2121-DD82-8C1E-4FA01DEB3F90}.Release|Any CPU.Build.0 = Release|Any CPU
	EndGlobalSection
	GlobalSection(SolutionProperties) = preSolution
		HideSolutionNode = FALSE
	EndGlobalSection
	GlobalSection(MonoDevelopProperties) = preSolution
		StartupItem = Assembly-CSharp.csproj
	EndGlobalSection
EndGlobal
